{
  "name": "root",
  "version": "1.0.0",
  "lockfileVersion": 3,
  "requires": true,
  "packages": {
    "": {
      "name": "root",
      "version": "1.0.0",
      "workspaces": [
        "packages/*"
      ]
    },
    "node_modules/pkg1": {
      "resolved": "packages/pkg1",
      "link": true
    },
    "node_modules/pkg2": {
      "resolved": "packages/pkg2",
      "link": true
    },
    "node_modules/pkg3": {
      "resolved": "packages/pkg3",
      "link": true
    },
    "packages/pkg1": {
      "version": "1.0.0",
      "dependencies": {
        "pkg3": "^1.0.0"
      }
    },
    "packages/pkg2": {
      "version": "1.0.0",
      "dependencies": {
        "pkg3": "^1.0.0"
      }
    },
    "packages/pkg3": {
      "version": "1.0.0"
    }
  }
}
